<?xml version="1.0" encoding="utf-8"?>
<Project ToolsVersion="4.0" xmlns="http://schemas.microsoft.com/developer/msbuild/2003">
  <ItemGroup>
    <Filter Include="Source Files">
      <UniqueIdentifier>{4FC737F1-C7A5-4376-A066-2A32D752A2FF}</UniqueIdentifier>
      <Extensions>cpp;c;cc;cxx;c++;cppm;ixx;def;odl;idl;hpj;bat;asm;asmx</Extensions>
    </Filter>
    <Filter Include="Header Files">
      <UniqueIdentifier>{93995380-89BD-4b04-88EB-625FBE52EBFB}</UniqueIdentifier>
      <Extensions>h;hh;hpp;hxx;h++;hm;inl;inc;ipp;xsd</Extensions>
    </Filter>
    <Filter Include="Resource Files">
      <UniqueIdentifier>{67DA6AB6-F800-4c08-8B7A-83BB121AAD01}</UniqueIdentifier>
      <Extensions>rc;ico;cur;bmp;dlg;rc2;rct;bin;rgs;gif;jpg;jpeg;jpe;resx;tiff;tif;png;wav;mfcribbon-ms</Extensions>
    </Filter>
  </ItemGroup>
  <ItemGroup>
    <ClCompile Include="academy_review_0414_Source.cpp">
      <Filter>Source Files</Filter>
    </ClCompile>
    <ClCompile Include="academy_review_0414_Swap.cpp">
      <Filter>Source Files</Filter>
    </ClCompile>
    <ClCompile Include="academy_task_0414.cpp">
      <Filter>Source Files</Filter>
    </ClCompile>
    <ClCompile Include="academy_review_0415_difference.cpp">
      <Filter>Source Files</Filter>
    </ClCompile>
    <ClCompile Include="academy_review_0416_class.cpp">
      <Filter>Source Files</Filter>
    </ClCompile>
    <ClCompile Include="academy_review_0422_overloading2.cpp">
      <Filter>Source Files</Filter>
    </ClCompile>
    <ClCompile Include="academy_review_0422_overloading3.cpp">
      <Filter>Source Files</Filter>
    </ClCompile>
    <ClCompile Include="academy_review_0422_overriding.cpp">
      <Filter>Source Files</Filter>
    </ClCompile>
    <ClCompile Include="my_study_0421_class.cpp">
      <Filter>Source Files</Filter>
    </ClCompile>
    <ClCompile Include="my_study_0421_constant.cpp">
      <Filter>Source Files</Filter>
    </ClCompile>
    <ClCompile Include="my_study_0421_Constructors.cpp">
      <Filter>Source Files</Filter>
    </ClCompile>
    <ClCompile Include="my_study_0421_Inheritance.cpp">
      <Filter>Source Files</Filter>
    </ClCompile>
    <ClCompile Include="my_study_0421_overloading.cpp">
      <Filter>Source Files</Filter>
    </ClCompile>
    <ClCompile Include="my_study_0421_staticVariable.cpp">
      <Filter>Source Files</Filter>
    </ClCompile>
    <ClCompile Include="academy_review_0423_Enumeration.cpp">
      <Filter>Source Files</Filter>
    </ClCompile>
    <ClCompile Include="my_study_0424_getter_setter.cpp">
      <Filter>Source Files</Filter>
    </ClCompile>
    <ClCompile Include="my_study_0423_inheritance.cpp">
      <Filter>Source Files</Filter>
    </ClCompile>
    <ClCompile Include="academy_review_0423_vitualFunction.cpp">
      <Filter>Source Files</Filter>
    </ClCompile>
    <ClCompile Include="academy_task_0421.cpp">
      <Filter>Source Files</Filter>
    </ClCompile>
    <ClCompile Include="my_task_EmployeeManagement.cpp">
      <Filter>Source Files</Filter>
    </ClCompile>
    <ClCompile Include="academy_review_0426_EnumerationSwitch.cpp">
      <Filter>Source Files</Filter>
    </ClCompile>
    <ClCompile Include="my_task_Tetris.cpp">
      <Filter>Source Files</Filter>
    </ClCompile>
    <ClCompile Include="my_study_0427_multiple_inheritance_2.cpp">
      <Filter>Source Files</Filter>
    </ClCompile>
    <ClCompile Include="my_study_0427_multiple_inheritance_1.cpp">
      <Filter>Source Files</Filter>
    </ClCompile>
    <ClCompile Include="my_study_0427_reference_variables_1.cpp">
      <Filter>Source Files</Filter>
    </ClCompile>
    <ClCompile Include="my_study_0427_reference_variables_2.cpp">
      <Filter>Source Files</Filter>
    </ClCompile>
    <ClCompile Include="my_study_0429_template_1.cpp">
      <Filter>Source Files</Filter>
    </ClCompile>
    <ClCompile Include="my_study_0429_template_2.cpp">
      <Filter>Source Files</Filter>
    </ClCompile>
    <ClCompile Include="my_study_0429_friend.cpp">
      <Filter>Source Files</Filter>
    </ClCompile>
    <ClCompile Include="my_study_0429_virtualFunction.cpp">
      <Filter>Source Files</Filter>
    </ClCompile>
    <ClCompile Include="my_study_0503_cppGrammar.cpp">
      <Filter>Source Files</Filter>
    </ClCompile>
    <ClCompile Include="academy_review_0504_main.cpp">
      <Filter>Source Files</Filter>
    </ClCompile>
    <ClCompile Include="academy_review_0504_Animal_cpp.cpp">
      <Filter>Source Files</Filter>
    </ClCompile>
    <ClCompile Include="academy_review_0504_Person_cpp.cpp">
      <Filter>Source Files</Filter>
    </ClCompile>
    <ClCompile Include="my_study_0505_namespace.cpp">
      <Filter>Source Files</Filter>
    </ClCompile>
    <ClCompile Include="academy_review_0504_House_cpp.cpp">
      <Filter>Source Files</Filter>
    </ClCompile>
    <ClCompile Include="academy_review_0506_bitwise.cpp">
      <Filter>Source Files</Filter>
    </ClCompile>
    <ClCompile Include="academy_review_0506_PureVirtualFunction.cpp">
      <Filter>Source Files</Filter>
    </ClCompile>
    <ClCompile Include="academy_review_0507_StrNameSpace.cpp">
      <Filter>Source Files</Filter>
    </ClCompile>
    <ClCompile Include="academy_review_0510_NameSpace.cpp">
      <Filter>Source Files</Filter>
    </ClCompile>
    <ClCompile Include="academy_review_0510_ConstStaticExtern.cpp">
      <Filter>Source Files</Filter>
    </ClCompile>
    <ClCompile Include="academy_review_0510_Static.cpp">
      <Filter>Source Files</Filter>
    </ClCompile>
  </ItemGroup>
  <ItemGroup>
    <ClInclude Include="academy_review_0414_Header.h">
      <Filter>Header Files</Filter>
    </ClInclude>
    <ClInclude Include="academy_task_0421_Goblin.h">
      <Filter>Header Files</Filter>
    </ClInclude>
    <ClInclude Include="my_task_Tetris.h">
      <Filter>Header Files</Filter>
    </ClInclude>
    <ClInclude Include="my_task_EmployeeManagement.h">
      <Filter>Header Files</Filter>
    </ClInclude>
    <ClInclude Include="my_task_Tetris_2.h">
      <Filter>Header Files</Filter>
    </ClInclude>
    <ClInclude Include="academy_review_0504_main_header.h">
      <Filter>Header Files</Filter>
    </ClInclude>
    <ClInclude Include="academy_review_0504_Animal_header.h">
      <Filter>Header Files</Filter>
    </ClInclude>
    <ClInclude Include="academy_review_0504_Person_header.h">
      <Filter>Header Files</Filter>
    </ClInclude>
    <ClInclude Include="academy_review_0504_House_header.h">
      <Filter>Header Files</Filter>
    </ClInclude>
    <ClInclude Include="academy_review_0510_Static.h">
      <Filter>Header Files</Filter>
    </ClInclude>
  </ItemGroup>
</Project>